{
  "requires": true,
  "lockfileVersion": 1,
  "dependencies": {
    "@aws-cdk/assets": {
      "version": "1.95.1",
      "resolved": "https://registry.npmjs.org/@aws-cdk/assets/-/assets-1.95.1.tgz",
      "integrity": "sha512-iq+SeyZA9CEPGlDWYxYCc15ALHTSRnOHZxasl+/dj3SzOyKfx0psZMpHMxwFis+yqWjIfsVIVn6ne7YGzDnyQA==",
      "requires": {
        "@aws-cdk/core": "1.95.1",
        "@aws-cdk/cx-api": "1.95.1",
        "constructs": "^3.3.69"
      }
    },
    "@aws-cdk/aws-apigateway": {
      "version": "1.95.1",
      "resolved": "https://registry.npmjs.org/@aws-cdk/aws-apigateway/-/aws-apigateway-1.95.1.tgz",
      "integrity": "sha512-ZRWnVPkJ4PcBXBp+B1V9WZMvZGjSZy4OIhLEkYiXdaQrAbTacBTeeTfPK/cCLBWTU7IGs1vBSJ63p1uwbX3pCA==",
      "requires": {
        "@aws-cdk/aws-certificatemanager": "1.95.1",
        "@aws-cdk/aws-cloudwatch": "1.95.1",
        "@aws-cdk/aws-cognito": "1.95.1",
        "@aws-cdk/aws-ec2": "1.95.1",
        "@aws-cdk/aws-elasticloadbalancingv2": "1.95.1",
        "@aws-cdk/aws-iam": "1.95.1",
        "@aws-cdk/aws-lambda": "1.95.1",
        "@aws-cdk/aws-logs": "1.95.1",
        "@aws-cdk/aws-s3": "1.95.1",
        "@aws-cdk/aws-s3-assets": "1.95.1",
        "@aws-cdk/core": "1.95.1",
        "@aws-cdk/cx-api": "1.95.1",
        "constructs": "^3.3.69"
      }
    },
    "@aws-cdk/aws-applicationautoscaling": {
      "version": "1.95.1",
      "resolved": "https://registry.npmjs.org/@aws-cdk/aws-applicationautoscaling/-/aws-applicationautoscaling-1.95.1.tgz",
      "integrity": "sha512-goU3W/ruvvQ60CNsqDdHbmq9Ydhuajutu+a7Mhv1Av0kNiVDTfvDbWsmEX+ETxMTuobhMUqOcHhWRvqX8MkU9A==",
      "requires": {
        "@aws-cdk/aws-autoscaling-common": "1.95.1",
        "@aws-cdk/aws-cloudwatch": "1.95.1",
        "@aws-cdk/aws-iam": "1.95.1",
        "@aws-cdk/core": "1.95.1",
        "constructs": "^3.3.69"
      }
    },
    "@aws-cdk/aws-autoscaling-common": {
      "version": "1.95.1",
      "resolved": "https://registry.npmjs.org/@aws-cdk/aws-autoscaling-common/-/aws-autoscaling-common-1.95.1.tgz",
      "integrity": "sha512-g/v443gnM2uIO+XW7vHhkjt4XSiSFtjtbbM6JAknBulC36PsHR66qNXXlSJpYz+3MGE1dii009b9iBm3Lj1w4w==",
      "requires": {
        "@aws-cdk/aws-iam": "1.95.1",
        "@aws-cdk/core": "1.95.1",
        "constructs": "^3.3.69"
      }
    },
    "@aws-cdk/aws-certificatemanager": {
      "version": "1.95.1",
      "resolved": "https://registry.npmjs.org/@aws-cdk/aws-certificatemanager/-/aws-certificatemanager-1.95.1.tgz",
      "integrity": "sha512-pb83OS6BXVt47SvgvMhs+crv/5VnFcFc03MjThq4JzLYcJZRa6ITjY1zMF9VtwQJaUKuezMeRurV7gLJ0o6rGg==",
      "requires": {
        "@aws-cdk/aws-iam": "1.95.1",
        "@aws-cdk/aws-lambda": "1.95.1",
        "@aws-cdk/aws-route53": "1.95.1",
        "@aws-cdk/core": "1.95.1",
        "constructs": "^3.3.69"
      }
    },
    "@aws-cdk/aws-cloudformation": {
      "version": "1.95.1",
      "resolved": "https://registry.npmjs.org/@aws-cdk/aws-cloudformation/-/aws-cloudformation-1.95.1.tgz",
      "integrity": "sha512-wHg5m7a5z2ESj6SHyoXJU9gUIx12G7MOoNcPY+szE2k42j5IfFNXZcbIwbLzgVo8Ns/z+RZnHjKUetJ0Uda7aw==",
      "requires": {
        "@aws-cdk/aws-iam": "1.95.1",
        "@aws-cdk/aws-lambda": "1.95.1",
        "@aws-cdk/aws-s3": "1.95.1",
        "@aws-cdk/aws-sns": "1.95.1",
        "@aws-cdk/core": "1.95.1",
        "@aws-cdk/cx-api": "1.95.1",
        "constructs": "^3.3.69"
      }
    },
    "@aws-cdk/aws-cloudwatch": {
      "version": "1.95.1",
      "resolved": "https://registry.npmjs.org/@aws-cdk/aws-cloudwatch/-/aws-cloudwatch-1.95.1.tgz",
      "integrity": "sha512-+QTv/OxwnMPoByd2uCrTUpkmYxi834ubAnJakXwryxUml5iK92bD63SaS9rG3bhl7EQhmabcSARqZbM9kLGesg==",
      "requires": {
        "@aws-cdk/aws-iam": "1.95.1",
        "@aws-cdk/core": "1.95.1",
        "constructs": "^3.3.69"
      }
    },
    "@aws-cdk/aws-codeguruprofiler": {
      "version": "1.95.1",
      "resolved": "https://registry.npmjs.org/@aws-cdk/aws-codeguruprofiler/-/aws-codeguruprofiler-1.95.1.tgz",
      "integrity": "sha512-vQUHqrltWHrCaQGphZpt+tN/2lstdrtGExhseSITYdN0pPHk++9IfQuv6e3+5+6pXTncM3ZtaJXJikPZQB9ZiQ==",
      "requires": {
        "@aws-cdk/aws-iam": "1.95.1",
        "@aws-cdk/core": "1.95.1",
        "constructs": "^3.3.69"
      }
    },
    "@aws-cdk/aws-cognito": {
      "version": "1.95.1",
      "resolved": "https://registry.npmjs.org/@aws-cdk/aws-cognito/-/aws-cognito-1.95.1.tgz",
      "integrity": "sha512-N3/+Op6OEeilzhKqK0iZpEISWtTv5AWzgVAukOXETY/ZW/4f86JVh2PIzRIsrquwKA7hnTrHriA8RnSpFIQXQQ==",
      "requires": {
        "@aws-cdk/aws-certificatemanager": "1.95.1",
        "@aws-cdk/aws-iam": "1.95.1",
        "@aws-cdk/aws-lambda": "1.95.1",
        "@aws-cdk/core": "1.95.1",
        "@aws-cdk/custom-resources": "1.95.1",
        "constructs": "^3.3.69",
        "punycode": "^2.1.1"
      },
      "dependencies": {
        "punycode": {
          "version": "2.1.1",
          "bundled": true
        }
      }
    },
    "@aws-cdk/aws-ec2": {
      "version": "1.95.1",
      "resolved": "https://registry.npmjs.org/@aws-cdk/aws-ec2/-/aws-ec2-1.95.1.tgz",
      "integrity": "sha512-b+eYvjQaBUmckp4d8QIKMenSg9f/yJ6e3uyAAADp1JlDa9BN7y8D/cPUwy1S6wt/DiKPXvhYQ8dtFLeqx5jyRA==",
      "requires": {
        "@aws-cdk/aws-cloudwatch": "1.95.1",
        "@aws-cdk/aws-iam": "1.95.1",
        "@aws-cdk/aws-kms": "1.95.1",
        "@aws-cdk/aws-logs": "1.95.1",
        "@aws-cdk/aws-s3": "1.95.1",
        "@aws-cdk/aws-s3-assets": "1.95.1",
        "@aws-cdk/aws-ssm": "1.95.1",
        "@aws-cdk/cloud-assembly-schema": "1.95.1",
        "@aws-cdk/core": "1.95.1",
        "@aws-cdk/cx-api": "1.95.1",
        "@aws-cdk/region-info": "1.95.1",
        "constructs": "^3.3.69"
      }
    },
    "@aws-cdk/aws-ecr": {
      "version": "1.95.1",
      "resolved": "https://registry.npmjs.org/@aws-cdk/aws-ecr/-/aws-ecr-1.95.1.tgz",
      "integrity": "sha512-v8NE+3FQaYlECavGcrQk3yAs0CZrr2h/CNrj79byRq6elrbqXAjnt7Ko2kFlbPZKWYBNyYNUPC7UXi57Ws2sCg==",
      "requires": {
        "@aws-cdk/aws-events": "1.95.1",
        "@aws-cdk/aws-iam": "1.95.1",
        "@aws-cdk/core": "1.95.1",
        "constructs": "^3.3.69"
      }
    },
    "@aws-cdk/aws-ecr-assets": {
      "version": "1.95.1",
      "resolved": "https://registry.npmjs.org/@aws-cdk/aws-ecr-assets/-/aws-ecr-assets-1.95.1.tgz",
      "integrity": "sha512-+IsXL8T0r3zzNqII+PRpQbUeF0gNskq678iRSBVX2AhU32WoZ7MUg+2xtLUWGzycSx9K9Nc4f6MAzwPQAygDHg==",
      "requires": {
        "@aws-cdk/assets": "1.95.1",
        "@aws-cdk/aws-ecr": "1.95.1",
        "@aws-cdk/aws-iam": "1.95.1",
        "@aws-cdk/aws-s3": "1.95.1",
        "@aws-cdk/core": "1.95.1",
        "@aws-cdk/cx-api": "1.95.1",
        "constructs": "^3.3.69",
        "minimatch": "^3.0.4"
      },
      "dependencies": {
        "balanced-match": {
          "version": "1.0.0",
          "bundled": true
        },
        "brace-expansion": {
          "version": "1.1.11",
          "bundled": true,
          "requires": {
            "balanced-match": "^1.0.0",
            "concat-map": "0.0.1"
          }
        },
        "concat-map": {
          "version": "0.0.1",
          "bundled": true
        },
        "minimatch": {
          "version": "3.0.4",
          "bundled": true,
          "requires": {
            "brace-expansion": "^1.1.7"
          }
        }
      }
    },
    "@aws-cdk/aws-efs": {
      "version": "1.95.1",
      "resolved": "https://registry.npmjs.org/@aws-cdk/aws-efs/-/aws-efs-1.95.1.tgz",
      "integrity": "sha512-S8zztVLvDRv/dANHWWtwD7a6Wq3cktT+DCePyz0GCEBnbQOg1L9YG7Upv0O3c5+dkkT75vm/mfhs2YMw8tsbUw==",
      "requires": {
        "@aws-cdk/aws-ec2": "1.95.1",
        "@aws-cdk/aws-kms": "1.95.1",
        "@aws-cdk/cloud-assembly-schema": "1.95.1",
        "@aws-cdk/core": "1.95.1",
        "@aws-cdk/cx-api": "1.95.1",
        "constructs": "^3.3.69"
      }
    },
    "@aws-cdk/aws-elasticloadbalancingv2": {
      "version": "1.95.1",
      "resolved": "https://registry.npmjs.org/@aws-cdk/aws-elasticloadbalancingv2/-/aws-elasticloadbalancingv2-1.95.1.tgz",
      "integrity": "sha512-zgQR5zPaJjzFaM70vzHCvRkOjA0QIeUZklyoQfJfU1K39wJztWN+k4Gx67H5PKCnlvy6s9+9W552/GIPkLKO0A==",
      "requires": {
        "@aws-cdk/aws-certificatemanager": "1.95.1",
        "@aws-cdk/aws-cloudwatch": "1.95.1",
        "@aws-cdk/aws-ec2": "1.95.1",
        "@aws-cdk/aws-iam": "1.95.1",
        "@aws-cdk/aws-lambda": "1.95.1",
        "@aws-cdk/aws-s3": "1.95.1",
        "@aws-cdk/cloud-assembly-schema": "1.95.1",
        "@aws-cdk/core": "1.95.1",
        "@aws-cdk/cx-api": "1.95.1",
        "@aws-cdk/region-info": "1.95.1",
        "constructs": "^3.3.69"
      }
    },
    "@aws-cdk/aws-events": {
      "version": "1.95.1",
      "resolved": "https://registry.npmjs.org/@aws-cdk/aws-events/-/aws-events-1.95.1.tgz",
      "integrity": "sha512-n04SrtLCb4a4j12tCubOYCwVIOM73zzeczZkHMycnjhoHn1apN4EFwrGCekOTScVSh4c4ie2bDgsOTpwGZKP2A==",
      "requires": {
        "@aws-cdk/aws-iam": "1.95.1",
        "@aws-cdk/core": "1.95.1",
        "constructs": "^3.3.69"
      }
    },
    "@aws-cdk/aws-iam": {
      "version": "1.95.1",
      "resolved": "https://registry.npmjs.org/@aws-cdk/aws-iam/-/aws-iam-1.95.1.tgz",
      "integrity": "sha512-uEUQyrpE+eXP5yBqoeCZHZBtQLciQGWEH1Ib+AqIg3QCpnrdg/k1zwHoooTmG85tnIoh1buWzRln4VzTwtRe3Q==",
      "requires": {
        "@aws-cdk/core": "1.95.1",
        "@aws-cdk/region-info": "1.95.1",
        "constructs": "^3.3.69"
      }
    },
    "@aws-cdk/aws-kms": {
      "version": "1.95.1",
      "resolved": "https://registry.npmjs.org/@aws-cdk/aws-kms/-/aws-kms-1.95.1.tgz",
      "integrity": "sha512-BVMrVlKbDLxTNWwNMm7+muH98ucCU5U4K39m29XxO2DMw9PknIMHrxRZQYrGiNdBGskKKrIvYA1sNb+v7E6EjQ==",
      "requires": {
        "@aws-cdk/aws-iam": "1.95.1",
        "@aws-cdk/core": "1.95.1",
        "@aws-cdk/cx-api": "1.95.1",
        "constructs": "^3.3.69"
      }
    },
    "@aws-cdk/aws-lambda": {
      "version": "1.95.1",
      "resolved": "https://registry.npmjs.org/@aws-cdk/aws-lambda/-/aws-lambda-1.95.1.tgz",
      "integrity": "sha512-/FoFx+oN1AFTCdchfDlwBU2nADY1J2dguRtsjcj1jemehoD44ybj3OXA55lTfaAyQYSkr5MkJBmztVpA+yerSg==",
      "requires": {
        "@aws-cdk/aws-applicationautoscaling": "1.95.1",
        "@aws-cdk/aws-cloudwatch": "1.95.1",
        "@aws-cdk/aws-codeguruprofiler": "1.95.1",
        "@aws-cdk/aws-ec2": "1.95.1",
        "@aws-cdk/aws-ecr": "1.95.1",
        "@aws-cdk/aws-ecr-assets": "1.95.1",
        "@aws-cdk/aws-efs": "1.95.1",
        "@aws-cdk/aws-events": "1.95.1",
        "@aws-cdk/aws-iam": "1.95.1",
        "@aws-cdk/aws-kms": "1.95.1",
        "@aws-cdk/aws-logs": "1.95.1",
        "@aws-cdk/aws-s3": "1.95.1",
        "@aws-cdk/aws-s3-assets": "1.95.1",
        "@aws-cdk/aws-signer": "1.95.1",
        "@aws-cdk/aws-sqs": "1.95.1",
        "@aws-cdk/core": "1.95.1",
        "@aws-cdk/cx-api": "1.95.1",
        "constructs": "^3.3.69"
      }
    },
    "@aws-cdk/aws-logs": {
      "version": "1.95.1",
      "resolved": "https://registry.npmjs.org/@aws-cdk/aws-logs/-/aws-logs-1.95.1.tgz",
      "integrity": "sha512-+5UUnmnlt83w1qRCa8dZ3wjYdDdlt1Hah1QlyWMCk/qp4gsr2UOOQO78oA+DxaeNavui0sOX8tpf/Wmx7VVoAA==",
      "requires": {
        "@aws-cdk/aws-cloudwatch": "1.95.1",
        "@aws-cdk/aws-iam": "1.95.1",
        "@aws-cdk/aws-kms": "1.95.1",
        "@aws-cdk/aws-s3-assets": "1.95.1",
        "@aws-cdk/core": "1.95.1",
        "constructs": "^3.3.69"
      }
    },
    "@aws-cdk/aws-route53": {
      "version": "1.95.1",
      "resolved": "https://registry.npmjs.org/@aws-cdk/aws-route53/-/aws-route53-1.95.1.tgz",
      "integrity": "sha512-+fNWD4TvJUm9tVeaLhS/FLfHxmk8Sou6J1IL2ZvYIWR/E7KnxKCm1sXSjMvrzDHKzaXeHxjauj6wrdi4nqiovg==",
      "requires": {
        "@aws-cdk/aws-ec2": "1.95.1",
        "@aws-cdk/aws-iam": "1.95.1",
        "@aws-cdk/aws-logs": "1.95.1",
        "@aws-cdk/cloud-assembly-schema": "1.95.1",
        "@aws-cdk/core": "1.95.1",
        "@aws-cdk/custom-resources": "1.95.1",
        "constructs": "^3.3.69"
      }
    },
    "@aws-cdk/aws-s3": {
      "version": "1.95.1",
      "resolved": "https://registry.npmjs.org/@aws-cdk/aws-s3/-/aws-s3-1.95.1.tgz",
      "integrity": "sha512-An03HaHx+pmtseXrfaMHySJyWuZI5BquNfxgQVrW1Ix5+aeHGmlgLdkhm7BRXhGvn6En6yiDo50TKM9IeUsiZg==",
      "requires": {
        "@aws-cdk/aws-events": "1.95.1",
        "@aws-cdk/aws-iam": "1.95.1",
        "@aws-cdk/aws-kms": "1.95.1",
        "@aws-cdk/core": "1.95.1",
        "@aws-cdk/cx-api": "1.95.1",
        "constructs": "^3.3.69"
      }
    },
    "@aws-cdk/aws-s3-assets": {
      "version": "1.95.1",
      "resolved": "https://registry.npmjs.org/@aws-cdk/aws-s3-assets/-/aws-s3-assets-1.95.1.tgz",
      "integrity": "sha512-ilNWDesiEw2ZZ/5vXQ9bDeRHfVn8K/pOq/Bzs6slF6lpS9TBKpoZMrCjaW3TjcR1jm4HXxxjOnvj7AgJO45lsQ==",
      "requires": {
        "@aws-cdk/assets": "1.95.1",
        "@aws-cdk/aws-iam": "1.95.1",
        "@aws-cdk/aws-kms": "1.95.1",
        "@aws-cdk/aws-s3": "1.95.1",
        "@aws-cdk/core": "1.95.1",
        "@aws-cdk/cx-api": "1.95.1",
        "constructs": "^3.3.69"
      }
    },
    "@aws-cdk/aws-signer": {
      "version": "1.95.1",
      "resolved": "https://registry.npmjs.org/@aws-cdk/aws-signer/-/aws-signer-1.95.1.tgz",
      "integrity": "sha512-pcqWJtRYRTjQ5tjOmC5D2Ot5fv9mBjy2d3mUZP695Hv0jJjY/0exKD/l06jAQmTgHGpAZOBYySga1WBn7m7HfQ==",
      "requires": {
        "@aws-cdk/core": "1.95.1",
        "constructs": "^3.3.69"
      }
    },
    "@aws-cdk/aws-sns": {
      "version": "1.95.1",
      "resolved": "https://registry.npmjs.org/@aws-cdk/aws-sns/-/aws-sns-1.95.1.tgz",
      "integrity": "sha512-3CRslc+q/wjwNQRlu5VQZ5gYFGfCJXdpS407l4d9iBgrnMKQnCnpxnTqk5K2SRlP+uqv3ewbH/H54/M3SoRlPQ==",
      "requires": {
        "@aws-cdk/aws-cloudwatch": "1.95.1",
        "@aws-cdk/aws-events": "1.95.1",
        "@aws-cdk/aws-iam": "1.95.1",
        "@aws-cdk/aws-kms": "1.95.1",
        "@aws-cdk/aws-sqs": "1.95.1",
        "@aws-cdk/core": "1.95.1",
        "constructs": "^3.3.69"
      }
    },
    "@aws-cdk/aws-sqs": {
      "version": "1.95.1",
      "resolved": "https://registry.npmjs.org/@aws-cdk/aws-sqs/-/aws-sqs-1.95.1.tgz",
      "integrity": "sha512-XApTza+lDzxPgbmiI5sFdlJBw2cbC4MZsX+13kqlKijF1fY9el44JaNItXEn8wNWHpZ+CjqH+lrNEi4+yfDRnA==",
      "requires": {
        "@aws-cdk/aws-cloudwatch": "1.95.1",
        "@aws-cdk/aws-iam": "1.95.1",
        "@aws-cdk/aws-kms": "1.95.1",
        "@aws-cdk/core": "1.95.1",
        "constructs": "^3.3.69"
      }
    },
    "@aws-cdk/aws-ssm": {
      "version": "1.95.1",
      "resolved": "https://registry.npmjs.org/@aws-cdk/aws-ssm/-/aws-ssm-1.95.1.tgz",
      "integrity": "sha512-Fi0hrUC+WgdVEW/HcMZ6NB95sh3jD53GUy2nPjvY3HflJqH95kSqh7ao07b+//jD0u1iFGKysH39K/FYpGu3ug==",
      "requires": {
        "@aws-cdk/aws-iam": "1.95.1",
        "@aws-cdk/aws-kms": "1.95.1",
        "@aws-cdk/cloud-assembly-schema": "1.95.1",
        "@aws-cdk/core": "1.95.1",
        "constructs": "^3.3.69"
      }
    },
    "@aws-cdk/cloud-assembly-schema": {
      "version": "1.95.1",
      "resolved": "https://registry.npmjs.org/@aws-cdk/cloud-assembly-schema/-/cloud-assembly-schema-1.95.1.tgz",
      "integrity": "sha512-bCF/Jf45ookovaG1sYnGkqLJWprICbqWIdJyysOyzeRVNPKBfcs2FJUsQBqminXnQAYZnehQ1JKFx9k3a6lh/A==",
      "requires": {
        "jsonschema": "^1.4.0",
        "semver": "^7.3.5"
      },
      "dependencies": {
        "jsonschema": {
          "version": "1.4.0",
          "bundled": true
        },
        "lru-cache": {
          "version": "6.0.0",
          "bundled": true,
          "requires": {
            "yallist": "^4.0.0"
          }
        },
        "semver": {
          "version": "7.3.5",
          "bundled": true,
          "requires": {
            "lru-cache": "^6.0.0"
          }
        },
        "yallist": {
          "version": "4.0.0",
          "bundled": true
        }
      }
    },
    "@aws-cdk/core": {
      "version": "1.95.1",
      "resolved": "https://registry.npmjs.org/@aws-cdk/core/-/core-1.95.1.tgz",
      "integrity": "sha512-YO7j/Ev/5qpJv9mWX0mWTY7SiWqhum3S7ygJNNpkaThDplegLCa71IBbJlR6uK5vmkpJ30oir5XuO57gyQ/ORg==",
      "requires": {
        "@aws-cdk/cloud-assembly-schema": "1.95.1",
        "@aws-cdk/cx-api": "1.95.1",
        "@aws-cdk/region-info": "1.95.1",
        "@balena/dockerignore": "^1.0.2",
        "constructs": "^3.3.69",
        "fs-extra": "^9.1.0",
        "ignore": "^5.1.8",
        "minimatch": "^3.0.4"
      },
      "dependencies": {
        "@balena/dockerignore": {
          "version": "1.0.2",
          "bundled": true
        },
        "at-least-node": {
          "version": "1.0.0",
          "bundled": true
        },
        "balanced-match": {
          "version": "1.0.0",
          "bundled": true
        },
        "brace-expansion": {
          "version": "1.1.11",
          "bundled": true,
          "requires": {
            "balanced-match": "^1.0.0",
            "concat-map": "0.0.1"
          }
        },
        "concat-map": {
          "version": "0.0.1",
          "bundled": true
        },
        "fs-extra": {
          "version": "9.1.0",
          "bundled": true,
          "requires": {
            "at-least-node": "^1.0.0",
            "graceful-fs": "^4.2.0",
            "jsonfile": "^6.0.1",
            "universalify": "^2.0.0"
          }
        },
        "graceful-fs": {
          "version": "4.2.6",
          "bundled": true
        },
        "ignore": {
          "version": "5.1.8",
          "bundled": true
        },
        "jsonfile": {
          "version": "6.1.0",
          "bundled": true,
          "requires": {
            "graceful-fs": "^4.1.6",
            "universalify": "^2.0.0"
          }
        },
        "minimatch": {
          "version": "3.0.4",
          "bundled": true,
          "requires": {
            "brace-expansion": "^1.1.7"
          }
        },
        "universalify": {
          "version": "2.0.0",
          "bundled": true
        }
      }
    },
    "@aws-cdk/custom-resources": {
      "version": "1.95.1",
      "resolved": "https://registry.npmjs.org/@aws-cdk/custom-resources/-/custom-resources-1.95.1.tgz",
      "integrity": "sha512-Z323aahjXAjdtuyFxVbWo7hWtp0LwkcDs65q95sZ0+CQ3cVfjdSnH5GBDd+/O7g8tXzWUH8amyKf9q0HG8Hbew==",
      "requires": {
        "@aws-cdk/aws-cloudformation": "1.95.1",
        "@aws-cdk/aws-ec2": "1.95.1",
        "@aws-cdk/aws-iam": "1.95.1",
        "@aws-cdk/aws-lambda": "1.95.1",
        "@aws-cdk/aws-logs": "1.95.1",
        "@aws-cdk/aws-sns": "1.95.1",
        "@aws-cdk/core": "1.95.1",
        "constructs": "^3.3.69"
      }
    },
    "@aws-cdk/cx-api": {
      "version": "1.95.1",
      "resolved": "https://registry.npmjs.org/@aws-cdk/cx-api/-/cx-api-1.95.1.tgz",
      "integrity": "sha512-etfosIiLR3OnBYGHlnaBwmgiSHs9cCj+BpZOA/izrsezZ2helng0jul4AQyakgITZXV2aFv4LrRmUA7UdLO1TA==",
      "requires": {
        "@aws-cdk/cloud-assembly-schema": "1.95.1",
        "semver": "^7.3.5"
      },
      "dependencies": {
        "lru-cache": {
          "version": "6.0.0",
          "bundled": true,
          "requires": {
            "yallist": "^4.0.0"
          }
        },
        "semver": {
          "version": "7.3.5",
          "bundled": true,
          "requires": {
            "lru-cache": "^6.0.0"
          }
        },
        "yallist": {
          "version": "4.0.0",
          "bundled": true
        }
      }
    },
    "@aws-cdk/region-info": {
      "version": "1.95.1",
      "resolved": "https://registry.npmjs.org/@aws-cdk/region-info/-/region-info-1.95.1.tgz",
      "integrity": "sha512-M9oPHdJs51uVBt15/jBvGW/oAHnHtxqmQwMr+E7cTZ/VByl91ASiGC5YmsY7gILlCTiFuThC4lGcZ3VRefxFUQ=="
    },
    "constructs": {
      "version": "3.3.71",
      "resolved": "https://registry.npmjs.org/constructs/-/constructs-3.3.71.tgz",
      "integrity": "sha512-3KFtTsA7OV27m/+pJhN4iJkKzHbPIPvyvEX5BQ/JCAWjfCHOQEVpIgxHLpT4i8L1OFta+pJrzcEVAHo6UitwqA=="
    }
  }
}
